
Microsoft Visual Studio Solution File, Format Version 12.00
# Visual Studio Version 16
VisualStudioVersion = 16.0.30907.101
MinimumVisualStudioVersion = 10.0.40219.1
Project("{FAE04EC0-301F-11D3-BF4B-00C04F79EFBC}") = "AddressBookLinq", "AddressBookLinq\AddressBookLinq.csproj", "{B69B3775-8EF6-4C5F-9DD3-74DCE9881094}"
EndProject
Project("{FAE04EC0-301F-11D3-BF4B-00C04F79EFBC}") = "NUnitTestProject", "NUnitTestProject\NUnitTestProject.csproj", "{79741415-3A3F-4E5D-8311-FFC87FAA5FA1}"
EndProject
Global
	GlobalSection(SolutionConfigurationPlatforms) = preSolution
		Debug|Any CPU = Debug|Any CPU
		Release|Any CPU = Release|Any CPU
	EndGlobalSection
	GlobalSection(ProjectConfigurationPlatforms) = postSolution
		{B69B3775-8EF6-4C5F-9DD3-74DCE9881094}.Debug|Any CPU.ActiveCfg = Debug|Any CPU
		{B69B3775-8EF6-4C5F-9DD3-74DCE9881094}.Debug|Any CPU.Build.0 = Debug|Any CPU
		{B69B3775-8EF6-4C5F-9DD3-74DCE9881094}.Release|Any CPU.ActiveCfg = Release|Any CPU
		{B69B3775-8EF6-4C5F-9DD3-74DCE9881094}.Release|Any CPU.Build.0 = Release|Any CPU
		{79741415-3A3F-4E5D-8311-FFC87FAA5FA1}.Debug|Any CPU.ActiveCfg = Debug|Any CPU
		{79741415-3A3F-4E5D-8311-FFC87FAA5FA1}.Debug|Any CPU.Build.0 = Debug|Any CPU
		{79741415-3A3F-4E5D-8311-FFC87FAA5FA1}.Release|Any CPU.ActiveCfg = Release|Any CPU
		{79741415-3A3F-4E5D-8311-FFC87FAA5FA1}.Release|Any CPU.Build.0 = Release|Any CPU
	EndGlobalSection
	GlobalSection(SolutionProperties) = preSolution
		HideSolutionNode = FALSE
	EndGlobalSection
	GlobalSection(ExtensibilityGlobals) = postSolution
		SolutionGuid = {795BD4CE-1BBE-407E-B3B2-242B49399AAF}
	EndGlobalSection
EndGlobal
